<?xml version="1.0" encoding="utf-8"?>
<Project ToolsVersion="4.0" xmlns="http://schemas.microsoft.com/developer/msbuild/2003">
  <ItemGroup>
    <Filter Include="Header Files">
      <UniqueIdentifier>{6C45A6C4-8E6C-4F8C-A89C-0E10B9E0C4AE}</UniqueIdentifier>
      <Extensions>h;hpp;hxx;hm;inl;inc;ipp;xsd</Extensions>
    </Filter>
    <Filter Include="Source Files">
      <UniqueIdentifier>{2A8B4E61-7E24-4E3C-9E7D-3CE7B49B3E3F}</UniqueIdentifier>
      <Extensions>cpp;c;cc;cxx;def;odl;idl;hpj;bat;asm;asmx</Extensions>
    </Filter>
    <Filter Include="Shader Files">
      <UniqueIdentifier>{9F4C6D6D-6AA9-4D2B-9BE0-9A6C9C2C6B0B}</UniqueIdentifier>
      <Extensions>hlsl</Extensions>
    </Filter>
    <Filter Include="Shader Includes">
      <UniqueIdentifier>{B8E8B6F1-6E40-4E5D-9B79-30E8BE4F6B11}</UniqueIdentifier>
      <Extensions>hlsli</Extensions>
    </Filter>
    <Filter Include="Shader Binaries">
      <UniqueIdentifier>{4F7AAB3D-9F2C-48C5-9A34-5E8C3E9C7C2B}</UniqueIdentifier>
      <Extensions>cso</Extensions>
    </Filter>
    <Filter Include="Resource Files">
      <UniqueIdentifier>{52F6D493-6AAB-48F5-A89B-67BAE2D6618C}</UniqueIdentifier>
      <Extensions>rc</Extensions>
    </Filter>
    <Filter Include="Image Files">
      <UniqueIdentifier>{5A6C0B4E-8741-4C5C-9C97-08F44E20E6C5}</UniqueIdentifier>
      <Extensions>png;jpg;jpeg;bmp;gif;ico</Extensions>
    </Filter>
    <Filter Include="Misc Files">
      <UniqueIdentifier>{D0E876B6-2CB8-48F7-8F0A-6AA0B6B6A2E1}</UniqueIdentifier>
      <Extensions>def;config</Extensions>
    </Filter>
  </ItemGroup>
  <ItemGroup>
    <ClInclude Include="AccentOverrider.hpp">
      <Filter>Header Files</Filter>
    </ClInclude>
    <ClInclude Include="AeroEffect.hpp">
      <Filter>Header Files</Filter>
    </ClInclude>
    <ClInclude Include="BlurEffect.hpp">
      <Filter>Header Files</Filter>
    </ClInclude>
    <ClInclude Include="ButtonGlowHandler.hpp">
      <Filter>Header Files</Filter>
    </ClInclude>
    <ClInclude Include="AeroColorizationEffect.hpp">
      <Filter>Header Files</Filter>
    </ClInclude>
    <ClInclude Include="CaptionMetricsTweaker.hpp">
      <Filter>Header Files</Filter>
    </ClInclude>
    <ClInclude Include="CustomBlurEffect.hpp">
      <Filter>Header Files</Filter>
    </ClInclude>
    <ClInclude Include="CustomThemeAtlasLoader.hpp">
      <Filter>Header Files</Filter>
    </ClInclude>
    <ClInclude Include="D2DPrivates.hpp">
      <Filter>Header Files</Filter>
    </ClInclude>
    <ClInclude Include="D3DGlassRealizer.hpp">
      <Filter>Header Files</Filter>
    </ClInclude>
    <ClInclude Include="DCompPrivates.hpp">
      <Filter>Header Files</Filter>
    </ClInclude>
    <ClInclude Include="Dwm.hpp">
      <Filter>Header Files</Filter>
    </ClInclude>
    <ClInclude Include="dwmcoreProjection.hpp">
      <Filter>Header Files</Filter>
    </ClInclude>
    <ClInclude Include="dwmcoreProjection.Offsets.hpp">
      <Filter>Header Files</Filter>
    </ClInclude>
    <ClInclude Include="GlassEffectBrush.hpp">
      <Filter>Header Files</Filter>
    </ClInclude>
    <ClInclude Include="GlassFrameDemodernizer.hpp">
      <Filter>Header Files</Filter>
    </ClInclude>
    <ClInclude Include="GlassFrameEnhancer.hpp">
      <Filter>Header Files</Filter>
    </ClInclude>
    <ClInclude Include="GlassRealizer.hpp">
      <Filter>Header Files</Filter>
    </ClInclude>
    <ClInclude Include="GlassCoverageSet.hpp">
      <Filter>Header Files</Filter>
    </ClInclude>
    <ClInclude Include="GlassFrameHandler.hpp">
      <Filter>Header Files</Filter>
    </ClInclude>
    <ClInclude Include="GlassKernel.hpp">
      <Filter>Header Files</Filter>
    </ClInclude>
    <ClInclude Include="GlassReflectionBrush.hpp">
      <Filter>Header Files</Filter>
    </ClInclude>
    <ClInclude Include="GlassIntegrity.hpp">
      <Filter>Header Files</Filter>
    </ClInclude>
    <ClInclude Include="GlassSafetyZoneLayer.hpp">
      <Filter>Header Files</Filter>
    </ClInclude>
    <ClInclude Include="MaterialRealizer.hpp">
      <Filter>Header Files</Filter>
    </ClInclude>
    <ClInclude Include="module.hpp">
      <Filter>Header Files</Filter>
    </ClInclude>
    <ClInclude Include="MsstyleInternals.hpp">
      <Filter>Header Files</Filter>
    </ClInclude>
    <ClInclude Include="ProjectionHelper.hpp">
      <Filter>Header Files</Filter>
    </ClInclude>
    <ClInclude Include="ReflectionRealizer.hpp">
      <Filter>Header Files</Filter>
    </ClInclude>
    <ClInclude Include="GlassRenderer.hpp">
      <Filter>Header Files</Filter>
    </ClInclude>
    <ClInclude Include="RenderingEffect.hpp">
      <Filter>Header Files</Filter>
    </ClInclude>
    <ClInclude Include="Shared.hpp">
      <Filter>Header Files</Filter>
    </ClInclude>
    <ClInclude Include="GlassService.hpp">
      <Filter>Header Files</Filter>
    </ClInclude>
    <ClInclude Include="CaptionTextHandler.hpp">
      <Filter>Header Files</Filter>
    </ClInclude>
    <ClInclude Include="GlassEngine.hpp">
      <Filter>Header Files</Filter>
    </ClInclude>
    <ClInclude Include="CppRT.hpp">
      <Filter>Header Files</Filter>
    </ClInclude>
    <ClInclude Include="framework.hpp">
      <Filter>Header Files</Filter>
    </ClInclude>
    <ClInclude Include="GlassReflectionHandler.hpp">
      <Filter>Header Files</Filter>
    </ClInclude>
    <ClInclude Include="HookHelper.hpp">
      <Filter>Header Files</Filter>
    </ClInclude>
    <ClInclude Include="OpenGlass.hpp">
      <Filter>Header Files</Filter>
    </ClInclude>
    <ClInclude Include="OSHelper.hpp">
      <Filter>Header Files</Filter>
    </ClInclude>
    <ClInclude Include="pch.h">
      <Filter>Header Files</Filter>
    </ClInclude>
    <ClInclude Include="resource.h">
      <Filter>Header Files</Filter>
    </ClInclude>
    <ClInclude Include="SymbolDownloader.hpp">
      <Filter>Header Files</Filter>
    </ClInclude>
    <ClInclude Include="SymbolParser.hpp">
      <Filter>Header Files</Filter>
    </ClInclude>
    <ClInclude Include="uDWMProjection.hpp">
      <Filter>Header Files</Filter>
    </ClInclude>
    <ClInclude Include="uDWMProjection.Offsets.hpp">
      <Filter>Header Files</Filter>
    </ClInclude>
    <ClInclude Include="Util.hpp">
      <Filter>Header Files</Filter>
    </ClInclude>
    <ClInclude Include="wil.hpp">
      <Filter>Header Files</Filter>
    </ClInclude>
    <ClInclude Include="Buffer2D.hpp">
      <Filter>Header Files</Filter>
    </ClInclude>
    <ClInclude Include="DxgiPrivates.hpp">
      <Filter>Header Files</Filter>
    </ClInclude>
    <ClInclude Include="GlassHighlightBrush.hpp">
      <Filter>Header Files</Filter>
    </ClInclude>
    <ClInclude Include="HighlightRealizer.hpp">
      <Filter>Header Files</Filter>
    </ClInclude>
  </ItemGroup>
  <ItemGroup>
    <ClCompile Include="AccentOverrider.cpp">
      <Filter>Source Files</Filter>
    </ClCompile>
    <ClCompile Include="AeroColorizationEffect.cpp">
      <Filter>Source Files</Filter>
    </ClCompile>
    <ClCompile Include="AeroEffect.cpp">
      <Filter>Source Files</Filter>
    </ClCompile>
    <ClCompile Include="BlurEffect.cpp">
      <Filter>Source Files</Filter>
    </ClCompile>
    <ClCompile Include="ButtonGlowHandler.cpp">
      <Filter>Source Files</Filter>
    </ClCompile>
    <ClCompile Include="CaptionMetricsTweaker.cpp">
      <Filter>Source Files</Filter>
    </ClCompile>
    <ClCompile Include="CustomBlurEffect.cpp">
      <Filter>Source Files</Filter>
    </ClCompile>
    <ClCompile Include="CustomThemeAtlasLoader.cpp">
      <Filter>Source Files</Filter>
    </ClCompile>
    <ClCompile Include="D3DGlassRealizer.cpp">
      <Filter>Source Files</Filter>
    </ClCompile>
    <ClCompile Include="GlassCoverageSet.cpp">
      <Filter>Source Files</Filter>
    </ClCompile>
    <ClCompile Include="GlassEffectBrush.cpp">
      <Filter>Source Files</Filter>
    </ClCompile>
    <ClCompile Include="GlassFrameDemodernizer.cpp">
      <Filter>Source Files</Filter>
    </ClCompile>
    <ClCompile Include="GlassFrameEnhancer.cpp">
      <Filter>Source Files</Filter>
    </ClCompile>
    <ClCompile Include="GlassRealizer.cpp">
      <Filter>Source Files</Filter>
    </ClCompile>
    <ClCompile Include="GlassFrameHandler.cpp">
      <Filter>Source Files</Filter>
    </ClCompile>
    <ClCompile Include="GlassKernel.cpp">
      <Filter>Source Files</Filter>
    </ClCompile>
    <ClCompile Include="GlassReflectionBrush.cpp">
      <Filter>Source Files</Filter>
    </ClCompile>
    <ClCompile Include="GlassIntegrity.cpp">
      <Filter>Source Files</Filter>
    </ClCompile>
    <ClCompile Include="GlassRenderer.cpp">
      <Filter>Source Files</Filter>
    </ClCompile>
    <ClCompile Include="GlassSafetyZoneLayer.cpp">
      <Filter>Source Files</Filter>
    </ClCompile>
    <ClCompile Include="module.cpp">
      <Filter>Source Files</Filter>
    </ClCompile>
    <ClCompile Include="GlassService.cpp">
      <Filter>Source Files</Filter>
    </ClCompile>
    <ClCompile Include="CaptionTextHandler.cpp">
      <Filter>Source Files</Filter>
    </ClCompile>
    <ClCompile Include="GlassEngine.cpp">
      <Filter>Source Files</Filter>
    </ClCompile>
    <ClCompile Include="dllmain.cpp">
      <Filter>Source Files</Filter>
    </ClCompile>
    <ClCompile Include="GlassReflectionHandler.cpp">
      <Filter>Source Files</Filter>
    </ClCompile>
    <ClCompile Include="HookHelper.cpp">
      <Filter>Source Files</Filter>
    </ClCompile>
    <ClCompile Include="OpenGlass.cpp">
      <Filter>Source Files</Filter>
    </ClCompile>
    <ClCompile Include="pch.cpp">
      <Filter>Source Files</Filter>
    </ClCompile>
    <ClCompile Include="MaterialRealizer.cpp">
      <Filter>Source Files</Filter>
    </ClCompile>
    <ClCompile Include="ReflectionRealizer.cpp">
      <Filter>Source Files</Filter>
    </ClCompile>
    <ClCompile Include="SymbolDownloader.cpp">
      <Filter>Source Files</Filter>
    </ClCompile>
    <ClCompile Include="SymbolParser.cpp">
      <Filter>Source Files</Filter>
    </ClCompile>
    <ClCompile Include="ServiceHandler.cpp">
      <Filter>Source Files</Filter>
    </ClCompile>
    <ClCompile Include="GlassHighlightBrush.cpp">
      <Filter>Source Files</Filter>
    </ClCompile>
    <ClCompile Include="HighlightRealizer.cpp">
      <Filter>Source Files</Filter>
    </ClCompile>
  </ItemGroup>
  <ItemGroup>
    <FxCompile Include="AeroColorizationEffect.hlsl">
      <Filter>Shader Files</Filter>
    </FxCompile>
    <FxCompile Include="Blur.PS_BlurH.hlsl">
      <Filter>Shader Files</Filter>
    </FxCompile>
    <FxCompile Include="Blur.PS_BlurV.hlsl">
      <Filter>Shader Files</Filter>
    </FxCompile>
    <FxCompile Include="Blur.PS_BlurV_Vista.hlsl">
      <Filter>Shader Files</Filter>
    </FxCompile>
    <FxCompile Include="Blur.VS.hlsl">
      <Filter>Shader Files</Filter>
    </FxCompile>
  </ItemGroup>
  <ItemGroup>
    <None Include="AeroColorizationEffect.cso">
      <Filter>Shader Binaries</Filter>
    </None>
    <None Include="Blur.Common.hlsli">
      <Filter>Shader Includes</Filter>
    </None>
    <None Include="Blur.PS_BlurH.cso">
      <Filter>Shader Binaries</Filter>
    </None>
    <None Include="Blur.PS_BlurV.cso">
      <Filter>Shader Binaries</Filter>
    </None>
    <None Include="Blur.PS_BlurV_Vista.cso">
      <Filter>Shader Binaries</Filter>
    </None>
    <None Include="Blur.VS.cso">
      <Filter>Shader Binaries</Filter>
    </None>
    <None Include="Common.hlsli">
      <Filter>Shader Includes</Filter>
    </None>
    <None Include="module.def">
      <Filter>Misc Files</Filter>
    </None>
    <None Include="packages.config">
      <Filter>Misc Files</Filter>
    </None>
  </ItemGroup>
  <ItemGroup>
    <ResourceCompile Include="OpenGlass.rc">
      <Filter>Resource Files</Filter>
    </ResourceCompile>
  </ItemGroup>
  <ItemGroup>
    <Image Include="reflection.png">
      <Filter>Image Files</Filter>
    </Image>
    <Image Include="highlight.png">
      <Filter>Image Files</Filter>
    </Image>
    <Image Include="sidehighlight.png">
      <Filter>Image Files</Filter>
    </Image>
  </ItemGroup>
</Project>